// !$*UTF8*$!
{
	archiveVersion = 1;
	classes = {
	};
	objectVersion = 48;
	objects = {

/* Begin PBXBuildFile section */
		E301D3141FCD0A65001F219D /* MainTabBarController.swift in Sources */ = {isa = PBXBuildFile; fileRef = E301D3131FCD0A65001F219D /* MainTabBarController.swift */; };
		E301D3161FCD0AA6001F219D /* MainNavigationController.swift in Sources */ = {isa = PBXBuildFile; fileRef = E301D3151FCD0AA6001F219D /* MainNavigationController.swift */; };
		E301D3181FCD0AC1001F219D /* MainTabBar.swift in Sources */ = {isa = PBXBuildFile; fileRef = E301D3171FCD0AC1001F219D /* MainTabBar.swift */; };
		E301D31A1FCD0EB1001F219D /* EssenceViewController.swift in Sources */ = {isa = PBXBuildFile; fileRef = E301D3191FCD0EB1001F219D /* EssenceViewController.swift */; };
		E301D31C1FCD0EC0001F219D /* NewViewController.swift in Sources */ = {isa = PBXBuildFile; fileRef = E301D31B1FCD0EC0001F219D /* NewViewController.swift */; };
		E301D3211FCD0F11001F219D /* FriendViewController.swift in Sources */ = {isa = PBXBuildFile; fileRef = E301D3201FCD0F11001F219D /* FriendViewController.swift */; };
		E301D3231FCD0F1F001F219D /* MeViewController.swift in Sources */ = {isa = PBXBuildFile; fileRef = E301D3221FCD0F1F001F219D /* MeViewController.swift */; };
		E301D3251FCD4512001F219D /* PublishViewController.swift in Sources */ = {isa = PBXBuildFile; fileRef = E301D3241FCD4512001F219D /* PublishViewController.swift */; };
		E301D3311FCD48D9001F219D /* UIView+Extension.swift in Sources */ = {isa = PBXBuildFile; fileRef = E301D3301FCD48D9001F219D /* UIView+Extension.swift */; };
		E301D3331FCD543E001F219D /* Common.swift in Sources */ = {isa = PBXBuildFile; fileRef = E301D3321FCD543D001F219D /* Common.swift */; };
		E34D456A1FCCF83F00B743EE /* AppDelegate.swift in Sources */ = {isa = PBXBuildFile; fileRef = E34D45691FCCF83F00B743EE /* AppDelegate.swift */; };
		E34D456F1FCCF83F00B743EE /* Main.storyboard in Resources */ = {isa = PBXBuildFile; fileRef = E34D456D1FCCF83F00B743EE /* Main.storyboard */; };
		E34D45711FCCF83F00B743EE /* Assets.xcassets in Resources */ = {isa = PBXBuildFile; fileRef = E34D45701FCCF83F00B743EE /* Assets.xcassets */; };
		E34D45741FCCF83F00B743EE /* LaunchScreen.storyboard in Resources */ = {isa = PBXBuildFile; fileRef = E34D45721FCCF83F00B743EE /* LaunchScreen.storyboard */; };
/* End PBXBuildFile section */

/* Begin PBXFileReference section */
		E301D3131FCD0A65001F219D /* MainTabBarController.swift */ = {isa = PBXFileReference; lastKnownFileType = sourcecode.swift; path = MainTabBarController.swift; sourceTree = "<group>"; };
		E301D3151FCD0AA6001F219D /* MainNavigationController.swift */ = {isa = PBXFileReference; lastKnownFileType = sourcecode.swift; path = MainNavigationController.swift; sourceTree = "<group>"; };
		E301D3171FCD0AC1001F219D /* MainTabBar.swift */ = {isa = PBXFileReference; lastKnownFileType = sourcecode.swift; path = MainTabBar.swift; sourceTree = "<group>"; };
		E301D3191FCD0EB1001F219D /* EssenceViewController.swift */ = {isa = PBXFileReference; lastKnownFileType = sourcecode.swift; path = EssenceViewController.swift; sourceTree = "<group>"; };
		E301D31B1FCD0EC0001F219D /* NewViewController.swift */ = {isa = PBXFileReference; lastKnownFileType = sourcecode.swift; path = NewViewController.swift; sourceTree = "<group>"; };
		E301D3201FCD0F11001F219D /* FriendViewController.swift */ = {isa = PBXFileReference; lastKnownFileType = sourcecode.swift; path = FriendViewController.swift; sourceTree = "<group>"; };
		E301D3221FCD0F1F001F219D /* MeViewController.swift */ = {isa = PBXFileReference; lastKnownFileType = sourcecode.swift; path = MeViewController.swift; sourceTree = "<group>"; };
		E301D3241FCD4512001F219D /* PublishViewController.swift */ = {isa = PBXFileReference; lastKnownFileType = sourcecode.swift; path = PublishViewController.swift; sourceTree = "<group>"; };
		E301D3261FCD46C0001F219D /* SwiftTest-Bridging-Header.h */ = {isa = PBXFileReference; lastKnownFileType = sourcecode.c.h; path = "SwiftTest-Bridging-Header.h"; sourceTree = "<group>"; };
		E301D3301FCD48D9001F219D /* UIView+Extension.swift */ = {isa = PBXFileReference; lastKnownFileType = sourcecode.swift; path = "UIView+Extension.swift"; sourceTree = "<group>"; };
		E301D3321FCD543D001F219D /* Common.swift */ = {isa = PBXFileReference; lastKnownFileType = sourcecode.swift; path = Common.swift; sourceTree = "<group>"; };
		E34D45661FCCF83F00B743EE /* SwiftTest.app */ = {isa = PBXFileReference; explicitFileType = wrapper.application; includeInIndex = 0; path = SwiftTest.app; sourceTree = BUILT_PRODUCTS_DIR; };
		E34D45691FCCF83F00B743EE /* AppDelegate.swift */ = {isa = PBXFileReference; lastKnownFileType = sourcecode.swift; path = AppDelegate.swift; sourceTree = "<group>"; };
		E34D456E1FCCF83F00B743EE /* Base */ = {isa = PBXFileReference; lastKnownFileType = file.storyboard; name = Base; path = Base.lproj/Main.storyboard; sourceTree = "<group>"; };
		E34D45701FCCF83F00B743EE /* Assets.xcassets */ = {isa = PBXFileReference; lastKnownFileType = folder.assetcatalog; path = Assets.xcassets; sourceTree = "<group>"; };
		E34D45731FCCF83F00B743EE /* Base */ = {isa = PBXFileReference; lastKnownFileType = file.storyboard; name = Base; path = Base.lproj/LaunchScreen.storyboard; sourceTree = "<group>"; };
		E34D45751FCCF83F00B743EE /* Info.plist */ = {isa = PBXFileReference; lastKnownFileType = text.plist.xml; path = Info.plist; sourceTree = "<group>"; };
/* End PBXFileReference section */

/* Begin PBXFrameworksBuildPhase section */
		E34D45631FCCF83F00B743EE /* Frameworks */ = {
			isa = PBXFrameworksBuildPhase;
			buildActionMask = 2147483647;
			files = (
			);
			runOnlyForDeploymentPostprocessing = 0;
		};
/* End PBXFrameworksBuildPhase section */

/* Begin PBXGroup section */
		E301D2F61FCD09B2001F219D /* 关注 */ = {
			isa = PBXGroup;
			children = (
				E301D31D1FCD0EFA001F219D /* Controller */,
				E301D2F81FCD09B2001F219D /* Model */,
				E301D2F91FCD09B2001F219D /* View */,
				E301D2FA1FCD09B2001F219D /* ViewModel */,
			);
			path = "关注";
			sourceTree = "<group>";
		};
		E301D2F81FCD09B2001F219D /* Model */ = {
			isa = PBXGroup;
			children = (
			);
			path = Model;
			sourceTree = "<group>";
		};
		E301D2F91FCD09B2001F219D /* View */ = {
			isa = PBXGroup;
			children = (
			);
			path = View;
			sourceTree = "<group>";
		};
		E301D2FA1FCD09B2001F219D /* ViewModel */ = {
			isa = PBXGroup;
			children = (
			);
			path = ViewModel;
			sourceTree = "<group>";
		};
		E301D2FB1FCD09B2001F219D /* 我 */ = {
			isa = PBXGroup;
			children = (
				E301D2FC1FCD09B2001F219D /* Controller */,
				E301D2FD1FCD09B2001F219D /* Model */,
				E301D2FE1FCD09B2001F219D /* View */,
				E301D2FF1FCD09B2001F219D /* ViewModel */,
			);
			path = "我";
			sourceTree = "<group>";
		};
		E301D2FC1FCD09B2001F219D /* Controller */ = {
			isa = PBXGroup;
			children = (
				E301D3221FCD0F1F001F219D /* MeViewController.swift */,
			);
			path = Controller;
			sourceTree = "<group>";
		};
		E301D2FD1FCD09B2001F219D /* Model */ = {
			isa = PBXGroup;
			children = (
			);
			path = Model;
			sourceTree = "<group>";
		};
		E301D2FE1FCD09B2001F219D /* View */ = {
			isa = PBXGroup;
			children = (
			);
			path = View;
			sourceTree = "<group>";
		};
		E301D2FF1FCD09B2001F219D /* ViewModel */ = {
			isa = PBXGroup;
			children = (
			);
			path = ViewModel;
			sourceTree = "<group>";
		};
		E301D3001FCD09B2001F219D /* Other */ = {
			isa = PBXGroup;
			children = (
				E301D3011FCD09B2001F219D /* Category */,
				E301D3021FCD09B2001F219D /* Controller */,
				E301D3031FCD09B2001F219D /* Tools */,
			);
			path = Other;
			sourceTree = "<group>";
		};
		E301D3011FCD09B2001F219D /* Category */ = {
			isa = PBXGroup;
			children = (
				E301D3261FCD46C0001F219D /* SwiftTest-Bridging-Header.h */,
				E301D3301FCD48D9001F219D /* UIView+Extension.swift */,
			);
			path = Category;
			sourceTree = "<group>";
		};
		E301D3021FCD09B2001F219D /* Controller */ = {
			isa = PBXGroup;
			children = (
				E301D3131FCD0A65001F219D /* MainTabBarController.swift */,
				E301D3151FCD0AA6001F219D /* MainNavigationController.swift */,
				E301D3171FCD0AC1001F219D /* MainTabBar.swift */,
			);
			path = Controller;
			sourceTree = "<group>";
		};
		E301D3031FCD09B2001F219D /* Tools */ = {
			isa = PBXGroup;
			children = (
				E301D3321FCD543D001F219D /* Common.swift */,
			);
			path = Tools;
			sourceTree = "<group>";
		};
		E301D3041FCD09B2001F219D /* 发布 */ = {
			isa = PBXGroup;
			children = (
				E301D3051FCD09B2001F219D /* Controller */,
				E301D3061FCD09B2001F219D /* Model */,
				E301D3071FCD09B2001F219D /* View */,
				E301D3081FCD09B2001F219D /* ViewModel */,
			);
			path = "发布";
			sourceTree = "<group>";
		};
		E301D3051FCD09B2001F219D /* Controller */ = {
			isa = PBXGroup;
			children = (
				E301D3241FCD4512001F219D /* PublishViewController.swift */,
			);
			path = Controller;
			sourceTree = "<group>";
		};
		E301D3061FCD09B2001F219D /* Model */ = {
			isa = PBXGroup;
			children = (
			);
			path = Model;
			sourceTree = "<group>";
		};
		E301D3071FCD09B2001F219D /* View */ = {
			isa = PBXGroup;
			children = (
			);
			path = View;
			sourceTree = "<group>";
		};
		E301D3081FCD09B2001F219D /* ViewModel */ = {
			isa = PBXGroup;
			children = (
			);
			path = ViewModel;
			sourceTree = "<group>";
		};
		E301D3091FCD09B2001F219D /* 精华 */ = {
			isa = PBXGroup;
			children = (
				E301D30A1FCD09B2001F219D /* Controller */,
				E301D30B1FCD09B2001F219D /* ViewModel */,
			);
			path = "精华";
			sourceTree = "<group>";
		};
		E301D30A1FCD09B2001F219D /* Controller */ = {
			isa = PBXGroup;
			children = (
				E301D3191FCD0EB1001F219D /* EssenceViewController.swift */,
			);
			path = Controller;
			sourceTree = "<group>";
		};
		E301D30B1FCD09B2001F219D /* ViewModel */ = {
			isa = PBXGroup;
			children = (
			);
			path = ViewModel;
			sourceTree = "<group>";
		};
		E301D30C1FCD09B2001F219D /* 新帖 */ = {
			isa = PBXGroup;
			children = (
				E301D30D1FCD09B2001F219D /* Controller */,
				E301D30E1FCD09B2001F219D /* Model */,
				E301D30F1FCD09B2001F219D /* View */,
				E301D3101FCD09B2001F219D /* ViewModel */,
			);
			path = "新帖";
			sourceTree = "<group>";
		};
		E301D30D1FCD09B2001F219D /* Controller */ = {
			isa = PBXGroup;
			children = (
				E301D31B1FCD0EC0001F219D /* NewViewController.swift */,
			);
			path = Controller;
			sourceTree = "<group>";
		};
		E301D30E1FCD09B2001F219D /* Model */ = {
			isa = PBXGroup;
			children = (
			);
			path = Model;
			sourceTree = "<group>";
		};
		E301D30F1FCD09B2001F219D /* View */ = {
			isa = PBXGroup;
			children = (
			);
			path = View;
			sourceTree = "<group>";
		};
		E301D3101FCD09B2001F219D /* ViewModel */ = {
			isa = PBXGroup;
			children = (
			);
			path = ViewModel;
			sourceTree = "<group>";
		};
		E301D31D1FCD0EFA001F219D /* Controller */ = {
			isa = PBXGroup;
			children = (
				E301D3201FCD0F11001F219D /* FriendViewController.swift */,
			);
			path = Controller;
			sourceTree = "<group>";
		};
		E34D455D1FCCF83F00B743EE = {
			isa = PBXGroup;
			children = (
				E34D45681FCCF83F00B743EE /* SwiftTest */,
				E34D45671FCCF83F00B743EE /* Products */,
			);
			sourceTree = "<group>";
		};
		E34D45671FCCF83F00B743EE /* Products */ = {
			isa = PBXGroup;
			children = (
				E34D45661FCCF83F00B743EE /* SwiftTest.app */,
			);
			name = Products;
			sourceTree = "<group>";
		};
		E34D45681FCCF83F00B743EE /* SwiftTest */ = {
			isa = PBXGroup;
			children = (
				E34D45691FCCF83F00B743EE /* AppDelegate.swift */,
				E301D3091FCD09B2001F219D /* 精华 */,
				E301D30C1FCD09B2001F219D /* 新帖 */,
				E301D3041FCD09B2001F219D /* 发布 */,
				E301D2F61FCD09B2001F219D /* 关注 */,
				E301D2FB1FCD09B2001F219D /* 我 */,
				E301D3001FCD09B2001F219D /* Other */,
				E34D456D1FCCF83F00B743EE /* Main.storyboard */,
				E34D45701FCCF83F00B743EE /* Assets.xcassets */,
				E34D45721FCCF83F00B743EE /* LaunchScreen.storyboard */,
				E34D45751FCCF83F00B743EE /* Info.plist */,
			);
			path = SwiftTest;
			sourceTree = "<group>";
		};
/* End PBXGroup section */

/* Begin PBXNativeTarget section */
		E34D45651FCCF83F00B743EE /* SwiftTest */ = {
			isa = PBXNativeTarget;
			buildConfigurationList = E34D45781FCCF83F00B743EE /* Build configuration list for PBXNativeTarget "SwiftTest" */;
			buildPhases = (
				E34D45621FCCF83F00B743EE /* Sources */,
				E34D45631FCCF83F00B743EE /* Frameworks */,
				E34D45641FCCF83F00B743EE /* Resources */,
			);
			buildRules = (
			);
			dependencies = (
			);
			name = SwiftTest;
			productName = SwiftTest;
			productReference = E34D45661FCCF83F00B743EE /* SwiftTest.app */;
			productType = "com.apple.product-type.application";
		};
/* End PBXNativeTarget section */

/* Begin PBXProject section */
		E34D455E1FCCF83F00B743EE /* Project object */ = {
			isa = PBXProject;
			attributes = {
				LastSwiftUpdateCheck = 0910;
				LastUpgradeCheck = 0910;
				ORGANIZATIONNAME = "张路平";
				TargetAttributes = {
					E34D45651FCCF83F00B743EE = {
						CreatedOnToolsVersion = 9.1;
						LastSwiftMigration = 0910;
						ProvisioningStyle = Automatic;
					};
				};
			};
			buildConfigurationList = E34D45611FCCF83F00B743EE /* Build configuration list for PBXProject "SwiftTest" */;
			compatibilityVersion = "Xcode 8.0";
			developmentRegion = en;
			hasScannedForEncodings = 0;
			knownRegions = (
				en,
				Base,
			);
			mainGroup = E34D455D1FCCF83F00B743EE;
			productRefGroup = E34D45671FCCF83F00B743EE /* Products */;
			projectDirPath = "";
			projectRoot = "";
			targets = (
				E34D45651FCCF83F00B743EE /* SwiftTest */,
			);
		};
/* End PBXProject section */

/* Begin PBXResourcesBuildPhase section */
		E34D45641FCCF83F00B743EE /* Resources */ = {
			isa = PBXResourcesBuildPhase;
			buildActionMask = 2147483647;
			files = (
				E34D45741FCCF83F00B743EE /* LaunchScreen.storyboard in Resources */,
				E34D45711FCCF83F00B743EE /* Assets.xcassets in Resources */,
				E34D456F1FCCF83F00B743EE /* Main.storyboard in Resources */,
			);
			runOnlyForDeploymentPostprocessing = 0;
		};
/* End PBXResourcesBuildPhase section */

/* Begin PBXSourcesBuildPhase section */
		E34D45621FCCF83F00B743EE /* Sources */ = {
			isa = PBXSourcesBuildPhase;
			buildActionMask = 2147483647;
			files = (
				E301D3311FCD48D9001F219D /* UIView+Extension.swift in Sources */,
				E301D3251FCD4512001F219D /* PublishViewController.swift in Sources */,
				E301D3231FCD0F1F001F219D /* MeViewController.swift in Sources */,
				E301D3331FCD543E001F219D /* Common.swift in Sources */,
				E301D31A1FCD0EB1001F219D /* EssenceViewController.swift in Sources */,
				E301D31C1FCD0EC0001F219D /* NewViewController.swift in Sources */,
				E34D456A1FCCF83F00B743EE /* AppDelegate.swift in Sources */,
				E301D3211FCD0F11001F219D /* FriendViewController.swift in Sources */,
				E301D3161FCD0AA6001F219D /* MainNavigationController.swift in Sources */,
				E301D3181FCD0AC1001F219D /* MainTabBar.swift in Sources */,
				E301D3141FCD0A65001F219D /* MainTabBarController.swift in Sources */,
			);
			runOnlyForDeploymentPostprocessing = 0;
		};
/* End PBXSourcesBuildPhase section */

/* Begin PBXVariantGroup section */
		E34D456D1FCCF83F00B743EE /* Main.storyboard */ = {
			isa = PBXVariantGroup;
			children = (
				E34D456E1FCCF83F00B743EE /* Base */,
			);
			name = Main.storyboard;
			sourceTree = "<group>";
		};
		E34D45721FCCF83F00B743EE /* LaunchScreen.storyboard */ = {
			isa = PBXVariantGroup;
			children = (
				E34D45731FCCF83F00B743EE /* Base */,
			);
			name = LaunchScreen.storyboard;
			sourceTree = "<group>";
		};
/* End PBXVariantGroup section */

/* Begin XCBuildConfiguration section */
		E34D45761FCCF83F00B743EE /* Debug */ = {
			isa = XCBuildConfiguration;
			buildSettings = {
				ALWAYS_SEARCH_USER_PATHS = NO;
				CLANG_ANALYZER_NONNULL = YES;
				CLANG_ANALYZER_NUMBER_OBJECT_CONVERSION = YES_AGGRESSIVE;
				CLANG_CXX_LANGUAGE_STANDARD = "gnu++14";
				CLANG_CXX_LIBRARY = "libc++";
				CLANG_ENABLE_MODULES = YES;
				CLANG_ENABLE_OBJC_ARC = YES;
				CLANG_WARN_BLOCK_CAPTURE_AUTORELEASING = YES;
				CLANG_WARN_BOOL_CONVERSION = YES;
				CLANG_WARN_COMMA = YES;
				CLANG_WARN_CONSTANT_CONVERSION = YES;
				CLANG_WARN_DIRECT_OBJC_ISA_USAGE = YES_ERROR;
				CLANG_WARN_DOCUMENTATION_COMMENTS = YES;
				CLANG_WARN_EMPTY_BODY = YES;
				CLANG_WARN_ENUM_CONVERSION = YES;
				CLANG_WARN_INFINITE_RECURSION = YES;
				CLANG_WARN_INT_CONVERSION = YES;
				CLANG_WARN_NON_LITERAL_NULL_CONVERSION = YES;
				CLANG_WARN_OBJC_LITERAL_CONVERSION = YES;
				CLANG_WARN_OBJC_ROOT_CLASS = YES_ERROR;
				CLANG_WARN_RANGE_LOOP_ANALYSIS = YES;
				CLANG_WARN_STRICT_PROTOTYPES = YES;
				CLANG_WARN_SUSPICIOUS_MOVE = YES;
				CLANG_WARN_UNGUARDED_AVAILABILITY = YES_AGGRESSIVE;
				CLANG_WARN_UNREACHABLE_CODE = YES;
				CLANG_WARN__DUPLICATE_METHOD_MATCH = YES;
				CODE_SIGN_IDENTITY = "iPhone Developer";
				COPY_PHASE_STRIP = NO;
				DEBUG_INFORMATION_FORMAT = dwarf;
				ENABLE_STRICT_OBJC_MSGSEND = YES;
				ENABLE_TESTABILITY = YES;
				GCC_C_LANGUAGE_STANDARD = gnu11;
				GCC_DYNAMIC_NO_PIC = NO;
				GCC_NO_COMMON_BLOCKS = YES;
				GCC_OPTIMIZATION_LEVEL = 0;
				GCC_PREPROCESSOR_DEFINITIONS = (
					"DEBUG=1",
					"$(inherited)",
				);
				GCC_WARN_64_TO_32_BIT_CONVERSION = YES;
				GCC_WARN_ABOUT_RETURN_TYPE = YES_ERROR;
				GCC_WARN_UNDECLARED_SELECTOR = YES;
				GCC_WARN_UNINITIALIZED_AUTOS = YES_AGGRESSIVE;
				GCC_WARN_UNUSED_FUNCTION = YES;
				GCC_WARN_UNUSED_VARIABLE = YES;
				IPHONEOS_DEPLOYMENT_TARGET = 11.1;
				MTL_ENABLE_DEBUG_INFO = YES;
				ONLY_ACTIVE_ARCH = YES;
				SDKROOT = iphoneos;
				SWIFT_ACTIVE_COMPILATION_CONDITIONS = DEBUG;
				SWIFT_OPTIMIZATION_LEVEL = "-Onone";
			};
			name = Debug;
		};
		E34D45771FCCF83F00B743EE /* Release */ = {
			isa = XCBuildConfiguration;
			buildSettings = {
				ALWAYS_SEARCH_USER_PATHS = NO;
				CLANG_ANALYZER_NONNULL = YES;
				CLANG_ANALYZER_NUMBER_OBJECT_CONVERSION = YES_AGGRESSIVE;
				CLANG_CXX_LANGUAGE_STANDARD = "gnu++14";
				CLANG_CXX_LIBRARY = "libc++";
				CLANG_ENABLE_MODULES = YES;
				CLANG_ENABLE_OBJC_ARC = YES;
				CLANG_WARN_BLOCK_CAPTURE_AUTORELEASING = YES;
				CLANG_WARN_BOOL_CONVERSION = YES;
				CLANG_WARN_COMMA = YES;
				CLANG_WARN_CONSTANT_CONVERSION = YES;
				CLANG_WARN_DIRECT_OBJC_ISA_USAGE = YES_ERROR;
				CLANG_WARN_DOCUMENTATION_COMMENTS = YES;
				CLANG_WARN_EMPTY_BODY = YES;
				CLANG_WARN_ENUM_CONVERSION = YES;
				CLANG_WARN_INFINITE_RECURSION = YES;
				CLANG_WARN_INT_CONVERSION = YES;
				CLANG_WARN_NON_LITERAL_NULL_CONVERSION = YES;
				CLANG_WARN_OBJC_LITERAL_CONVERSION = YES;
				CLANG_WARN_OBJC_ROOT_CLASS = YES_ERROR;
				CLANG_WARN_RANGE_LOOP_ANALYSIS = YES;
				CLANG_WARN_STRICT_PROTOTYPES = YES;
				CLANG_WARN_SUSPICIOUS_MOVE = YES;
				CLANG_WARN_UNGUARDED_AVAILABILITY = YES_AGGRESSIVE;
				CLANG_WARN_UNREACHABLE_CODE = YES;
				CLANG_WARN__DUPLICATE_METHOD_MATCH = YES;
				CODE_SIGN_IDENTITY = "iPhone Developer";
				COPY_PHASE_STRIP = NO;
				DEBUG_INFORMATION_FORMAT = "dwarf-with-dsym";
				ENABLE_NS_ASSERTIONS = NO;
				ENABLE_STRICT_OBJC_MSGSEND = YES;
				GCC_C_LANGUAGE_STANDARD = gnu11;
				GCC_NO_COMMON_BLOCKS = YES;
				GCC_WARN_64_TO_32_BIT_CONVERSION = YES;
				GCC_WARN_ABOUT_RETURN_TYPE = YES_ERROR;
				GCC_WARN_UNDECLARED_SELECTOR = YES;
				GCC_WARN_UNINITIALIZED_AUTOS = YES_AGGRESSIVE;
				GCC_WARN_UNUSED_FUNCTION = YES;
				GCC_WARN_UNUSED_VARIABLE = YES;
				IPHONEOS_DEPLOYMENT_TARGET = 11.1;
				MTL_ENABLE_DEBUG_INFO = NO;
				SDKROOT = iphoneos;
				SWIFT_OPTIMIZATION_LEVEL = "-Owholemodule";
				VALIDATE_PRODUCT = YES;
			};
			name = Release;
		};
		E34D45791FCCF83F00B743EE /* Debug */ = {
			isa = XCBuildConfiguration;
			buildSettings = {
				ASSETCATALOG_COMPILER_APPICON_NAME = AppIcon;
				CLANG_ENABLE_MODULES = YES;
				CODE_SIGN_STYLE = Automatic;
				INFOPLIST_FILE = SwiftTest/Info.plist;
				LD_RUNPATH_SEARCH_PATHS = "$(inherited) @executable_path/Frameworks";
				PRODUCT_BUNDLE_IDENTIFIER = org.junmin.www.SwiftTest;
				PRODUCT_NAME = "$(TARGET_NAME)";
				SWIFT_OBJC_BRIDGING_HEADER = "SwiftTest/Other/Category/SwiftTest-Bridging-Header.h";
				SWIFT_OPTIMIZATION_LEVEL = "-Onone";
				SWIFT_VERSION = 4.0;
				TARGETED_DEVICE_FAMILY = "1,2";
			};
			name = Debug;
		};
		E34D457A1FCCF83F00B743EE /* Release */ = {
			isa = XCBuildConfiguration;
			buildSettings = {
				ASSETCATALOG_COMPILER_APPICON_NAME = AppIcon;
				CLANG_ENABLE_MODULES = YES;
				CODE_SIGN_STYLE = Automatic;
				INFOPLIST_FILE = SwiftTest/Info.plist;
				LD_RUNPATH_SEARCH_PATHS = "$(inherited) @executable_path/Frameworks";
				PRODUCT_BUNDLE_IDENTIFIER = org.junmin.www.SwiftTest;
				PRODUCT_NAME = "$(TARGET_NAME)";
				SWIFT_OBJC_BRIDGING_HEADER = "SwiftTest/Other/Category/SwiftTest-Bridging-Header.h";
				SWIFT_VERSION = 4.0;
				TARGETED_DEVICE_FAMILY = "1,2";
			};
			name = Release;
		};
/* End XCBuildConfiguration section */

/* Begin XCConfigurationList section */
		E34D45611FCCF83F00B743EE /* Build configuration list for PBXProject "SwiftTest" */ = {
			isa = XCConfigurationList;
			buildConfigurations = (
				E34D45761FCCF83F00B743EE /* Debug */,
				E34D45771FCCF83F00B743EE /* Release */,
			);
			defaultConfigurationIsVisible = 0;
			defaultConfigurationName = Release;
		};
		E34D45781FCCF83F00B743EE /* Build configuration list for PBXNativeTarget "SwiftTest" */ = {
			isa = XCConfigurationList;
			buildConfigurations = (
				E34D45791FCCF83F00B743EE /* Debug */,
				E34D457A1FCCF83F00B743EE /* Release */,
			);
			defaultConfigurationIsVisible = 0;
			defaultConfigurationName = Release;
		};
/* End XCConfigurationList section */
	};
	rootObject = E34D455E1FCCF83F00B743EE /* Project object */;
}
